Microsoft Visual Studio Solution File, Format Version 10.00
# Visual Studio 2008
Project("{8BC9CEB8-8B4A-11D0-8D11-00A0C91BC942}") = "CUDA", "CUDA.vcproj", "{FCADF7F0-BD79-40CD-BCBD-BA6B3ACB0C4D}"
EndProject
Global
	GlobalSection(DPCodeReviewSolutionGUID) = preSolution
		DPCodeReviewSolutionGUID = {00000000-0000-0000-0000-000000000000}
	EndGlobalSection
	GlobalSection(SubversionScc) = preSolution
		Svn-Managed = True
		Manager = AnkhSVN - Subversion Support for Visual Studio
	EndGlobalSection
	GlobalSection(SolutionConfigurationPlatforms) = preSolution
		Debug|Win32 = Debug|Win32
		Debug|x64 = Debug|x64
		EmuDebug|Win32 = EmuDebug|Win32
		EmuDebug|x64 = EmuDebug|x64
		EmuRelease|Win32 = EmuRelease|Win32
		EmuRelease|x64 = EmuRelease|x64
		Release|Win32 = Release|Win32
		Release|x64 = Release|x64
	EndGlobalSection
	GlobalSection(ProjectConfigurationPlatforms) = postSolution
		{FCADF7F0-BD79-40CD-BCBD-BA6B3ACB0C4D}.Debug|Win32.ActiveCfg = Debug|Win32
		{FCADF7F0-BD79-40CD-BCBD-BA6B3ACB0C4D}.Debug|Win32.Build.0 = Debug|Win32
		{FCADF7F0-BD79-40CD-BCBD-BA6B3ACB0C4D}.Debug|x64.ActiveCfg = Debug|x64
		{FCADF7F0-BD79-40CD-BCBD-BA6B3ACB0C4D}.Debug|x64.Build.0 = Debug|x64
		{FCADF7F0-BD79-40CD-BCBD-BA6B3ACB0C4D}.EmuDebug|Win32.ActiveCfg = EmuDebug|Win32
		{FCADF7F0-BD79-40CD-BCBD-BA6B3ACB0C4D}.EmuDebug|Win32.Build.0 = EmuDebug|Win32
		{FCADF7F0-BD79-40CD-BCBD-BA6B3ACB0C4D}.EmuDebug|x64.ActiveCfg = EmuDebug|x64
		{FCADF7F0-BD79-40CD-BCBD-BA6B3ACB0C4D}.EmuDebug|x64.Build.0 = EmuDebug|x64
		{FCADF7F0-BD79-40CD-BCBD-BA6B3ACB0C4D}.EmuRelease|Win32.ActiveCfg = EmuRelease|Win32
		{FCADF7F0-BD79-40CD-BCBD-BA6B3ACB0C4D}.EmuRelease|Win32.Build.0 = EmuRelease|Win32
		{FCADF7F0-BD79-40CD-BCBD-BA6B3ACB0C4D}.EmuRelease|x64.ActiveCfg = EmuRelease|x64
		{FCADF7F0-BD79-40CD-BCBD-BA6B3ACB0C4D}.EmuRelease|x64.Build.0 = EmuRelease|x64
		{FCADF7F0-BD79-40CD-BCBD-BA6B3ACB0C4D}.Release|Win32.ActiveCfg = Release|Win32
		{FCADF7F0-BD79-40CD-BCBD-BA6B3ACB0C4D}.Release|Win32.Build.0 = Release|Win32
		{FCADF7F0-BD79-40CD-BCBD-BA6B3ACB0C4D}.Release|x64.ActiveCfg = Release|x64
		{FCADF7F0-BD79-40CD-BCBD-BA6B3ACB0C4D}.Release|x64.Build.0 = Release|x64
	EndGlobalSection
	GlobalSection(SolutionProperties) = preSolution
		HideSolutionNode = FALSE
	EndGlobalSection
EndGlobal
